Microsoft Visual Studio Solution File, Format Version 11.00
# Visual Studio 2008

Project("{143BED4F-B050-388D-F85F-3E240357E12F}") = "UnityProject2", "Assembly-CSharp-firstpass.csproj", "{A713E453-BEDE-D091-888E-EA85DA5821B5}"
EndProject
Project("{143BED4F-B050-388D-F85F-3E240357E12F}") = "UnityProject2", "Assembly-CSharp.csproj", "{6B258859-B6ED-0948-FCA1-FBF734400479}"
EndProject
Project("{143BED4F-B050-388D-F85F-3E240357E12F}") = "UnityProject2", "Assembly-CSharp-Editor.csproj", "{B7D4436F-1B79-60C1-41B6-36DB3ADE0BCA}"
EndProject
Project("{143BED4F-B050-388D-F85F-3E240357E12F}") = "UnityProject2", "Assembly-UnityScript-firstpass.unityproj", "{3BB64343-EFA2-FEB7-EDC9-7C88729BBD74}"
EndProject
Project("{143BED4F-B050-388D-F85F-3E240357E12F}") = "UnityProject2", "Assembly-UnityScript.unityproj", "{F195A84D-D7F7-AD8E-4D00-514CEE7B2C27}"
EndProject
Global
	GlobalSection(SolutionConfigurationPlatforms) = preSolution
		Debug|Any CPU = Debug|Any CPU
		Release|Any CPU = Release|Any CPU
	EndGlobalSection
	GlobalSection(ProjectConfigurationPlatforms) = postSolution
		{A713E453-BEDE-D091-888E-EA85DA5821B5}.Debug|Any CPU.ActiveCfg = Debug|Any CPU
		{A713E453-BEDE-D091-888E-EA85DA5821B5}.Debug|Any CPU.Build.0 = Debug|Any CPU
		{A713E453-BEDE-D091-888E-EA85DA5821B5}.Release|Any CPU.ActiveCfg = Release|Any CPU
		{A713E453-BEDE-D091-888E-EA85DA5821B5}.Release|Any CPU.Build.0 = Release|Any CPU
		{6B258859-B6ED-0948-FCA1-FBF734400479}.Debug|Any CPU.ActiveCfg = Debug|Any CPU
		{6B258859-B6ED-0948-FCA1-FBF734400479}.Debug|Any CPU.Build.0 = Debug|Any CPU
		{6B258859-B6ED-0948-FCA1-FBF734400479}.Release|Any CPU.ActiveCfg = Release|Any CPU
		{6B258859-B6ED-0948-FCA1-FBF734400479}.Release|Any CPU.Build.0 = Release|Any CPU
		{B7D4436F-1B79-60C1-41B6-36DB3ADE0BCA}.Debug|Any CPU.ActiveCfg = Debug|Any CPU
		{B7D4436F-1B79-60C1-41B6-36DB3ADE0BCA}.Debug|Any CPU.Build.0 = Debug|Any CPU
		{B7D4436F-1B79-60C1-41B6-36DB3ADE0BCA}.Release|Any CPU.ActiveCfg = Release|Any CPU
		{B7D4436F-1B79-60C1-41B6-36DB3ADE0BCA}.Release|Any CPU.Build.0 = Release|Any CPU
		{3BB64343-EFA2-FEB7-EDC9-7C88729BBD74}.Debug|Any CPU.ActiveCfg = Debug|Any CPU
		{3BB64343-EFA2-FEB7-EDC9-7C88729BBD74}.Debug|Any CPU.Build.0 = Debug|Any CPU
		{3BB64343-EFA2-FEB7-EDC9-7C88729BBD74}.Release|Any CPU.ActiveCfg = Release|Any CPU
		{3BB64343-EFA2-FEB7-EDC9-7C88729BBD74}.Release|Any CPU.Build.0 = Release|Any CPU
		{F195A84D-D7F7-AD8E-4D00-514CEE7B2C27}.Debug|Any CPU.ActiveCfg = Debug|Any CPU
		{F195A84D-D7F7-AD8E-4D00-514CEE7B2C27}.Debug|Any CPU.Build.0 = Debug|Any CPU
		{F195A84D-D7F7-AD8E-4D00-514CEE7B2C27}.Release|Any CPU.ActiveCfg = Release|Any CPU
		{F195A84D-D7F7-AD8E-4D00-514CEE7B2C27}.Release|Any CPU.Build.0 = Release|Any CPU
	EndGlobalSection
	GlobalSection(SolutionProperties) = preSolution
		HideSolutionNode = FALSE
	EndGlobalSection
										GlobalSection(MonoDevelopProperties) = preSolution
		StartupItem = Assembly-CSharp.csproj
		Policies = $0
		$0.TextStylePolicy = $1
		$1.inheritsSet = null
		$1.scope = text/x-csharp
		$0.CSharpFormattingPolicy = $2
		$2.inheritsSet = Mono
		$2.inheritsScope = text/x-csharp
		$2.scope = text/x-csharp
		$0.TextStylePolicy = $3
		$3.FileWidth = 120
		$3.TabWidth = 4
		$3.EolMarker = Unix
		$3.inheritsSet = Mono
		$3.inheritsScope = text/plain
		$3.scope = text/plain
	EndGlobalSection

EndGlobal
